
Microsoft Visual Studio Solution File, Format Version 12.00
# Visual Studio Version 16
VisualStudioVersion = 16.0.31112.23
MinimumVisualStudioVersion = 10.0.40219.1
Project("{FAE04EC0-301F-11D3-BF4B-00C04F79EFBC}") = "WAD-CW", "WAD-CW\WAD-CW.csproj", "{423437DA-982C-4FE1-BB07-BA7B2A099AF0}"
EndProject
Global
	GlobalSection(SolutionConfigurationPlatforms) = preSolution
		Debug|Any CPU = Debug|Any CPU
		Release|Any CPU = Release|Any CPU
	EndGlobalSection
	GlobalSection(ProjectConfigurationPlatforms) = postSolution
		{423437DA-982C-4FE1-BB07-BA7B2A099AF0}.Debug|Any CPU.ActiveCfg = Debug|Any CPU
		{423437DA-982C-4FE1-BB07-BA7B2A099AF0}.Debug|Any CPU.Build.0 = Debug|Any CPU
		{423437DA-982C-4FE1-BB07-BA7B2A099AF0}.Release|Any CPU.ActiveCfg = Release|Any CPU
		{423437DA-982C-4FE1-BB07-BA7B2A099AF0}.Release|Any CPU.Build.0 = Release|Any CPU
	EndGlobalSection
	GlobalSection(SolutionProperties) = preSolution
		HideSolutionNode = FALSE
	EndGlobalSection
	GlobalSection(ExtensibilityGlobals) = postSolution
		SolutionGuid = {D417E2C5-7454-415E-9881-831CAFA4242E}
	EndGlobalSection
EndGlobal
